
Microsoft Visual Studio Solution File, Format Version 12.00
# Visual Studio Version 17
VisualStudioVersion = 17.1.32414.318
MinimumVisualStudioVersion = 10.0.40219.1
Project("{FAE04EC0-301F-11D3-BF4B-00C04F79EFBC}") = "POS.projct", "POS.projct\POS.projct.csproj", "{F73E896B-5866-4425-8088-E89FC1E00501}"
EndProject
Global
	GlobalSection(SolutionConfigurationPlatforms) = preSolution
		Debug|Any CPU = Debug|Any CPU
		Release|Any CPU = Release|Any CPU
	EndGlobalSection
	GlobalSection(ProjectConfigurationPlatforms) = postSolution
		{F73E896B-5866-4425-8088-E89FC1E00501}.Debug|Any CPU.ActiveCfg = Debug|Any CPU
		{F73E896B-5866-4425-8088-E89FC1E00501}.Debug|Any CPU.Build.0 = Debug|Any CPU
		{F73E896B-5866-4425-8088-E89FC1E00501}.Release|Any CPU.ActiveCfg = Release|Any CPU
		{F73E896B-5866-4425-8088-E89FC1E00501}.Release|Any CPU.Build.0 = Release|Any CPU
	EndGlobalSection
	GlobalSection(SolutionProperties) = preSolution
		HideSolutionNode = FALSE
	EndGlobalSection
	GlobalSection(ExtensibilityGlobals) = postSolution
		SolutionGuid = {E1B7E57F-F8BB-4047-8F98-27CFCE9F1BE9}
	EndGlobalSection
EndGlobal
